// !$*UTF8*$!
{
	archiveVersion = 1;
	classes = {
	};
	objectVersion = 50;
	objects = {

/* Begin PBXBuildFile section */
		ABAC0CA82208C49D009E80B3 /* AppDelegate.swift in Sources */ = {isa = PBXBuildFile; fileRef = ABAC0CA72208C49D009E80B3 /* AppDelegate.swift */; };
		ABAC0CAA2208C49D009E80B3 /* LaunchVC.swift in Sources */ = {isa = PBXBuildFile; fileRef = ABAC0CA92208C49D009E80B3 /* LaunchVC.swift */; };
		ABAC0CAD2208C49D009E80B3 /* Main.storyboard in Resources */ = {isa = PBXBuildFile; fileRef = ABAC0CAB2208C49D009E80B3 /* Main.storyboard */; };
		ABAC0CB02208C49D009E80B3 /* BigMood.xcdatamodeld in Sources */ = {isa = PBXBuildFile; fileRef = ABAC0CAE2208C49D009E80B3 /* BigMood.xcdatamodeld */; };
		ABAC0CB22208C49E009E80B3 /* Assets.xcassets in Resources */ = {isa = PBXBuildFile; fileRef = ABAC0CB12208C49E009E80B3 /* Assets.xcassets */; };
		ABAC0CB52208C49E009E80B3 /* LaunchScreen.storyboard in Resources */ = {isa = PBXBuildFile; fileRef = ABAC0CB32208C49E009E80B3 /* LaunchScreen.storyboard */; };
		ABAC0CBF2208D885009E80B3 /* moodCell.swift in Sources */ = {isa = PBXBuildFile; fileRef = ABAC0CBE2208D885009E80B3 /* moodCell.swift */; };
		ABAC0CC12209605E009E80B3 /* MoodVC.swift in Sources */ = {isa = PBXBuildFile; fileRef = ABAC0CC02209605E009E80B3 /* MoodVC.swift */; };
/* End PBXBuildFile section */

/* Begin PBXFileReference section */
		ABAC0CA42208C49D009E80B3 /* BigMood.app */ = {isa = PBXFileReference; explicitFileType = wrapper.application; includeInIndex = 0; path = BigMood.app; sourceTree = BUILT_PRODUCTS_DIR; };
		ABAC0CA72208C49D009E80B3 /* AppDelegate.swift */ = {isa = PBXFileReference; lastKnownFileType = sourcecode.swift; path = AppDelegate.swift; sourceTree = "<group>"; };
		ABAC0CA92208C49D009E80B3 /* LaunchVC.swift */ = {isa = PBXFileReference; lastKnownFileType = sourcecode.swift; path = LaunchVC.swift; sourceTree = "<group>"; };
		ABAC0CAC2208C49D009E80B3 /* Base */ = {isa = PBXFileReference; lastKnownFileType = file.storyboard; name = Base; path = Base.lproj/Main.storyboard; sourceTree = "<group>"; };
		ABAC0CAF2208C49D009E80B3 /* BigMood.xcdatamodel */ = {isa = PBXFileReference; lastKnownFileType = wrapper.xcdatamodel; path = BigMood.xcdatamodel; sourceTree = "<group>"; };
		ABAC0CB12208C49E009E80B3 /* Assets.xcassets */ = {isa = PBXFileReference; lastKnownFileType = folder.assetcatalog; path = Assets.xcassets; sourceTree = "<group>"; };
		ABAC0CB42208C49E009E80B3 /* Base */ = {isa = PBXFileReference; lastKnownFileType = file.storyboard; name = Base; path = Base.lproj/LaunchScreen.storyboard; sourceTree = "<group>"; };
		ABAC0CB62208C49E009E80B3 /* Info.plist */ = {isa = PBXFileReference; lastKnownFileType = text.plist.xml; path = Info.plist; sourceTree = "<group>"; };
		ABAC0CBE2208D885009E80B3 /* moodCell.swift */ = {isa = PBXFileReference; lastKnownFileType = sourcecode.swift; path = moodCell.swift; sourceTree = "<group>"; };
		ABAC0CC02209605E009E80B3 /* MoodVC.swift */ = {isa = PBXFileReference; lastKnownFileType = sourcecode.swift; path = MoodVC.swift; sourceTree = "<group>"; };
/* End PBXFileReference section */

/* Begin PBXFrameworksBuildPhase section */
		ABAC0CA12208C49D009E80B3 /* Frameworks */ = {
			isa = PBXFrameworksBuildPhase;
			buildActionMask = 2147483647;
			files = (
			);
			runOnlyForDeploymentPostprocessing = 0;
		};
/* End PBXFrameworksBuildPhase section */

/* Begin PBXGroup section */
		ABAC0C9B2208C49D009E80B3 = {
			isa = PBXGroup;
			children = (
				ABAC0CA62208C49D009E80B3 /* BigMood */,
				ABAC0CA52208C49D009E80B3 /* Products */,
			);
			sourceTree = "<group>";
		};
		ABAC0CA52208C49D009E80B3 /* Products */ = {
			isa = PBXGroup;
			children = (
				ABAC0CA42208C49D009E80B3 /* BigMood.app */,
			);
			name = Products;
			sourceTree = "<group>";
		};
		ABAC0CA62208C49D009E80B3 /* BigMood */ = {
			isa = PBXGroup;
			children = (
				ABAC0CBD2208D872009E80B3 /* Cells */,
				ABAC0CBC2208D85F009E80B3 /* View Controllers */,
				ABAC0CA72208C49D009E80B3 /* AppDelegate.swift */,
				ABAC0CAB2208C49D009E80B3 /* Main.storyboard */,
				ABAC0CB12208C49E009E80B3 /* Assets.xcassets */,
				ABAC0CB32208C49E009E80B3 /* LaunchScreen.storyboard */,
				ABAC0CB62208C49E009E80B3 /* Info.plist */,
				ABAC0CAE2208C49D009E80B3 /* BigMood.xcdatamodeld */,
			);
			path = BigMood;
			sourceTree = "<group>";
		};
		ABAC0CBC2208D85F009E80B3 /* View Controllers */ = {
			isa = PBXGroup;
			children = (
				ABAC0CA92208C49D009E80B3 /* LaunchVC.swift */,
				ABAC0CC02209605E009E80B3 /* MoodVC.swift */,
			);
			path = "View Controllers";
			sourceTree = "<group>";
		};
		ABAC0CBD2208D872009E80B3 /* Cells */ = {
			isa = PBXGroup;
			children = (
				ABAC0CBE2208D885009E80B3 /* moodCell.swift */,
			);
			path = Cells;
			sourceTree = "<group>";
		};
/* End PBXGroup section */

/* Begin PBXNativeTarget section */
		ABAC0CA32208C49D009E80B3 /* BigMood */ = {
			isa = PBXNativeTarget;
			buildConfigurationList = ABAC0CB92208C49E009E80B3 /* Build configuration list for PBXNativeTarget "BigMood" */;
			buildPhases = (
				ABAC0CA02208C49D009E80B3 /* Sources */,
				ABAC0CA12208C49D009E80B3 /* Frameworks */,
				ABAC0CA22208C49D009E80B3 /* Resources */,
			);
			buildRules = (
			);
			dependencies = (
			);
			name = BigMood;
			productName = BigMood;
			productReference = ABAC0CA42208C49D009E80B3 /* BigMood.app */;
			productType = "com.apple.product-type.application";
		};
/* End PBXNativeTarget section */

/* Begin PBXProject section */
		ABAC0C9C2208C49D009E80B3 /* Project object */ = {
			isa = PBXProject;
			attributes = {
				LastSwiftUpdateCheck = 1000;
				LastUpgradeCheck = 1000;
				ORGANIZATIONNAME = "Jonathan Kopp";
				TargetAttributes = {
					ABAC0CA32208C49D009E80B3 = {
						CreatedOnToolsVersion = 10.0;
					};
				};
			};
			buildConfigurationList = ABAC0C9F2208C49D009E80B3 /* Build configuration list for PBXProject "BigMood" */;
			compatibilityVersion = "Xcode 9.3";
			developmentRegion = en;
			hasScannedForEncodings = 0;
			knownRegions = (
				en,
				Base,
			);
			mainGroup = ABAC0C9B2208C49D009E80B3;
			productRefGroup = ABAC0CA52208C49D009E80B3 /* Products */;
			projectDirPath = "";
			projectRoot = "";
			targets = (
				ABAC0CA32208C49D009E80B3 /* BigMood */,
			);
		};
/* End PBXProject section */

/* Begin PBXResourcesBuildPhase section */
		ABAC0CA22208C49D009E80B3 /* Resources */ = {
			isa = PBXResourcesBuildPhase;
			buildActionMask = 2147483647;
			files = (
				ABAC0CB52208C49E009E80B3 /* LaunchScreen.storyboard in Resources */,
				ABAC0CB22208C49E009E80B3 /* Assets.xcassets in Resources */,
				ABAC0CAD2208C49D009E80B3 /* Main.storyboard in Resources */,
			);
			runOnlyForDeploymentPostprocessing = 0;
		};
/* End PBXResourcesBuildPhase section */

/* Begin PBXSourcesBuildPhase section */
		ABAC0CA02208C49D009E80B3 /* Sources */ = {
			isa = PBXSourcesBuildPhase;
			buildActionMask = 2147483647;
			files = (
				ABAC0CC12209605E009E80B3 /* MoodVC.swift in Sources */,
				ABAC0CBF2208D885009E80B3 /* moodCell.swift in Sources */,
				ABAC0CAA2208C49D009E80B3 /* LaunchVC.swift in Sources */,
				ABAC0CB02208C49D009E80B3 /* BigMood.xcdatamodeld in Sources */,
				ABAC0CA82208C49D009E80B3 /* AppDelegate.swift in Sources */,
			);
			runOnlyForDeploymentPostprocessing = 0;
		};
/* End PBXSourcesBuildPhase section */

/* Begin PBXVariantGroup section */
		ABAC0CAB2208C49D009E80B3 /* Main.storyboard */ = {
			isa = PBXVariantGroup;
			children = (
				ABAC0CAC2208C49D009E80B3 /* Base */,
			);
			name = Main.storyboard;
			sourceTree = "<group>";
		};
		ABAC0CB32208C49E009E80B3 /* LaunchScreen.storyboard */ = {
			isa = PBXVariantGroup;
			children = (
				ABAC0CB42208C49E009E80B3 /* Base */,
			);
			name = LaunchScreen.storyboard;
			sourceTree = "<group>";
		};
/* End PBXVariantGroup section */

/* Begin XCBuildConfiguration section */
		ABAC0CB72208C49E009E80B3 /* Debug */ = {
			isa = XCBuildConfiguration;
			buildSettings = {
				ALWAYS_SEARCH_USER_PATHS = NO;
				CLANG_ANALYZER_NONNULL = YES;
				CLANG_ANALYZER_NUMBER_OBJECT_CONVERSION = YES_AGGRESSIVE;
				CLANG_CXX_LANGUAGE_STANDARD = "gnu++14";
				CLANG_CXX_LIBRARY = "libc++";
				CLANG_ENABLE_MODULES = YES;
				CLANG_ENABLE_OBJC_ARC = YES;
				CLANG_ENABLE_OBJC_WEAK = YES;
				CLANG_WARN_BLOCK_CAPTURE_AUTORELEASING = YES;
				CLANG_WARN_BOOL_CONVERSION = YES;
				CLANG_WARN_COMMA = YES;
				CLANG_WARN_CONSTANT_CONVERSION = YES;
				CLANG_WARN_DEPRECATED_OBJC_IMPLEMENTATIONS = YES;
				CLANG_WARN_DIRECT_OBJC_ISA_USAGE = YES_ERROR;
				CLANG_WARN_DOCUMENTATION_COMMENTS = YES;
				CLANG_WARN_EMPTY_BODY = YES;
				CLANG_WARN_ENUM_CONVERSION = YES;
				CLANG_WARN_INFINITE_RECURSION = YES;
				CLANG_WARN_INT_CONVERSION = YES;
				CLANG_WARN_NON_LITERAL_NULL_CONVERSION = YES;
				CLANG_WARN_OBJC_IMPLICIT_RETAIN_SELF = YES;
				CLANG_WARN_OBJC_LITERAL_CONVERSION = YES;
				CLANG_WARN_OBJC_ROOT_CLASS = YES_ERROR;
				CLANG_WARN_RANGE_LOOP_ANALYSIS = YES;
				CLANG_WARN_STRICT_PROTOTYPES = YES;
				CLANG_WARN_SUSPICIOUS_MOVE = YES;
				CLANG_WARN_UNGUARDED_AVAILABILITY = YES_AGGRESSIVE;
				CLANG_WARN_UNREACHABLE_CODE = YES;
				CLANG_WARN__DUPLICATE_METHOD_MATCH = YES;
				CODE_SIGN_IDENTITY = "iPhone Developer";
				COPY_PHASE_STRIP = NO;
				DEBUG_INFORMATION_FORMAT = dwarf;
				ENABLE_STRICT_OBJC_MSGSEND = YES;
				ENABLE_TESTABILITY = YES;
				GCC_C_LANGUAGE_STANDARD = gnu11;
				GCC_DYNAMIC_NO_PIC = NO;
				GCC_NO_COMMON_BLOCKS = YES;
				GCC_OPTIMIZATION_LEVEL = 0;
				GCC_PREPROCESSOR_DEFINITIONS = (
					"DEBUG=1",
					"$(inherited)",
				);
				GCC_WARN_64_TO_32_BIT_CONVERSION = YES;
				GCC_WARN_ABOUT_RETURN_TYPE = YES_ERROR;
				GCC_WARN_UNDECLARED_SELECTOR = YES;
				GCC_WARN_UNINITIALIZED_AUTOS = YES_AGGRESSIVE;
				GCC_WARN_UNUSED_FUNCTION = YES;
				GCC_WARN_UNUSED_VARIABLE = YES;
				IPHONEOS_DEPLOYMENT_TARGET = 12.0;
				MTL_ENABLE_DEBUG_INFO = INCLUDE_SOURCE;
				MTL_FAST_MATH = YES;
				ONLY_ACTIVE_ARCH = YES;
				SDKROOT = iphoneos;
				SWIFT_ACTIVE_COMPILATION_CONDITIONS = DEBUG;
				SWIFT_OPTIMIZATION_LEVEL = "-Onone";
			};
			name = Debug;
		};
		ABAC0CB82208C49E009E80B3 /* Release */ = {
			isa = XCBuildConfiguration;
			buildSettings = {
				ALWAYS_SEARCH_USER_PATHS = NO;
				CLANG_ANALYZER_NONNULL = YES;
				CLANG_ANALYZER_NUMBER_OBJECT_CONVERSION = YES_AGGRESSIVE;
				CLANG_CXX_LANGUAGE_STANDARD = "gnu++14";
				CLANG_CXX_LIBRARY = "libc++";
				CLANG_ENABLE_MODULES = YES;
				CLANG_ENABLE_OBJC_ARC = YES;
				CLANG_ENABLE_OBJC_WEAK = YES;
				CLANG_WARN_BLOCK_CAPTURE_AUTORELEASING = YES;
				CLANG_WARN_BOOL_CONVERSION = YES;
				CLANG_WARN_COMMA = YES;
				CLANG_WARN_CONSTANT_CONVERSION = YES;
				CLANG_WARN_DEPRECATED_OBJC_IMPLEMENTATIONS = YES;
				CLANG_WARN_DIRECT_OBJC_ISA_USAGE = YES_ERROR;
				CLANG_WARN_DOCUMENTATION_COMMENTS = YES;
				CLANG_WARN_EMPTY_BODY = YES;
				CLANG_WARN_ENUM_CONVERSION = YES;
				CLANG_WARN_INFINITE_RECURSION = YES;
				CLANG_WARN_INT_CONVERSION = YES;
				CLANG_WARN_NON_LITERAL_NULL_CONVERSION = YES;
				CLANG_WARN_OBJC_IMPLICIT_RETAIN_SELF = YES;
				CLANG_WARN_OBJC_LITERAL_CONVERSION = YES;
				CLANG_WARN_OBJC_ROOT_CLASS = YES_ERROR;
				CLANG_WARN_RANGE_LOOP_ANALYSIS = YES;
				CLANG_WARN_STRICT_PROTOTYPES = YES;
				CLANG_WARN_SUSPICIOUS_MOVE = YES;
				CLANG_WARN_UNGUARDED_AVAILABILITY = YES_AGGRESSIVE;
				CLANG_WARN_UNREACHABLE_CODE = YES;
				CLANG_WARN__DUPLICATE_METHOD_MATCH = YES;
				CODE_SIGN_IDENTITY = "iPhone Developer";
				COPY_PHASE_STRIP = NO;
				DEBUG_INFORMATION_FORMAT = "dwarf-with-dsym";
				ENABLE_NS_ASSERTIONS = NO;
				ENABLE_STRICT_OBJC_MSGSEND = YES;
				GCC_C_LANGUAGE_STANDARD = gnu11;
				GCC_NO_COMMON_BLOCKS = YES;
				GCC_WARN_64_TO_32_BIT_CONVERSION = YES;
				GCC_WARN_ABOUT_RETURN_TYPE = YES_ERROR;
				GCC_WARN_UNDECLARED_SELECTOR = YES;
				GCC_WARN_UNINITIALIZED_AUTOS = YES_AGGRESSIVE;
				GCC_WARN_UNUSED_FUNCTION = YES;
				GCC_WARN_UNUSED_VARIABLE = YES;
				IPHONEOS_DEPLOYMENT_TARGET = 12.0;
				MTL_ENABLE_DEBUG_INFO = NO;
				MTL_FAST_MATH = YES;
				SDKROOT = iphoneos;
				SWIFT_COMPILATION_MODE = wholemodule;
				SWIFT_OPTIMIZATION_LEVEL = "-O";
				VALIDATE_PRODUCT = YES;
			};
			name = Release;
		};
		ABAC0CBA2208C49E009E80B3 /* Debug */ = {
			isa = XCBuildConfiguration;
			buildSettings = {
				ASSETCATALOG_COMPILER_APPICON_NAME = AppIcon;
				CODE_SIGN_STYLE = Automatic;
				DEVELOPMENT_TEAM = RUS5Y57VG8;
				INFOPLIST_FILE = BigMood/Info.plist;
				IPHONEOS_DEPLOYMENT_TARGET = 11.0;
				LD_RUNPATH_SEARCH_PATHS = (
					"$(inherited)",
					"@executable_path/Frameworks",
				);
				PRODUCT_BUNDLE_IDENTIFIER = com.JonathanKopp.BigMood;
				PRODUCT_NAME = "$(TARGET_NAME)";
				SWIFT_VERSION = 4.2;
				TARGETED_DEVICE_FAMILY = "1,2";
			};
			name = Debug;
		};
		ABAC0CBB2208C49E009E80B3 /* Release */ = {
			isa = XCBuildConfiguration;
			buildSettings = {
				ASSETCATALOG_COMPILER_APPICON_NAME = AppIcon;
				CODE_SIGN_STYLE = Automatic;
				DEVELOPMENT_TEAM = RUS5Y57VG8;
				INFOPLIST_FILE = BigMood/Info.plist;
				IPHONEOS_DEPLOYMENT_TARGET = 11.0;
				LD_RUNPATH_SEARCH_PATHS = (
					"$(inherited)",
					"@executable_path/Frameworks",
				);
				PRODUCT_BUNDLE_IDENTIFIER = com.JonathanKopp.BigMood;
				PRODUCT_NAME = "$(TARGET_NAME)";
				SWIFT_VERSION = 4.2;
				TARGETED_DEVICE_FAMILY = "1,2";
			};
			name = Release;
		};
/* End XCBuildConfiguration section */

/* Begin XCConfigurationList section */
		ABAC0C9F2208C49D009E80B3 /* Build configuration list for PBXProject "BigMood" */ = {
			isa = XCConfigurationList;
			buildConfigurations = (
				ABAC0CB72208C49E009E80B3 /* Debug */,
				ABAC0CB82208C49E009E80B3 /* Release */,
			);
			defaultConfigurationIsVisible = 0;
			defaultConfigurationName = Release;
		};
		ABAC0CB92208C49E009E80B3 /* Build configuration list for PBXNativeTarget "BigMood" */ = {
			isa = XCConfigurationList;
			buildConfigurations = (
				ABAC0CBA2208C49E009E80B3 /* Debug */,
				ABAC0CBB2208C49E009E80B3 /* Release */,
			);
			defaultConfigurationIsVisible = 0;
			defaultConfigurationName = Release;
		};
/* End XCConfigurationList section */

/* Begin XCVersionGroup section */
		ABAC0CAE2208C49D009E80B3 /* BigMood.xcdatamodeld */ = {
			isa = XCVersionGroup;
			children = (
				ABAC0CAF2208C49D009E80B3 /* BigMood.xcdatamodel */,
			);
			currentVersion = ABAC0CAF2208C49D009E80B3 /* BigMood.xcdatamodel */;
			path = BigMood.xcdatamodeld;
			sourceTree = "<group>";
			versionGroupType = wrapper.xcdatamodel;
		};
/* End XCVersionGroup section */
	};
	rootObject = ABAC0C9C2208C49D009E80B3 /* Project object */;
}
